{
  "name": "usdx",
  "version": "0.0.1",
  "lockfileVersion": 1,
  "requires": true,
  "dependencies": {
    "@types/lodash": {
      "version": "4.14.123",
      "resolved": "https://registry.npmjs.org/@types/lodash/-/lodash-4.14.123.tgz",
      "integrity": "sha512-pQvPkc4Nltyx7G1Ww45OjVqUsJP4UsZm+GWJpigXgkikZqJgRm4c48g027o6tdgubWHwFRF15iFd+Y4Pmqv6+Q=="
    },
    "@types/node": {
      "version": "11.11.3",
      "resolved": "https://registry.npmjs.org/@types/node/-/node-11.11.3.tgz",
      "integrity": "sha512-wp6IOGu1lxsfnrD+5mX6qwSwWuqsdkKKxTN4aQc4wByHAKZJf9/D4KXPQ1POUjEbnCP5LMggB0OEFNY9OTsMqg=="
    },
    "@types/ws": {
      "version": "3.2.1",
      "resolved": "https://registry.npmjs.org/@types/ws/-/ws-3.2.1.tgz",
      "integrity": "sha512-t5n0/iHoavnX1MqeYmKJgWc1W6yX4BXsNxQg7M5862RWrfN9S5k8yaWbDMGJSTCzbH7+q5QS8chjymd+ND9gMw==",
      "requires": {
        "@types/node": "*"
      }
    },
    "agent-base": {
      "version": "4.2.1",
      "resolved": "https://registry.npmjs.org/agent-base/-/agent-base-4.2.1.tgz",
      "integrity": "sha512-JVwXMr9nHYTUXsBFKUqhJwvlcYU/blreOEUkhNR2eXZIvwd+c+o5V4MgDPKWnMS/56awN3TRzIP+KoPn+roQtg==",
      "requires": {
        "es6-promisify": "^5.0.0"
      }
    },
    "async-limiter": {
      "version": "1.0.0",
      "resolved": "https://registry.npmjs.org/async-limiter/-/async-limiter-1.0.0.tgz",
      "integrity": "sha512-jp/uFnooOiO+L211eZOoSyzpOITMXx1rBITauYykG3BRYPu8h0UcxsPNB04RR5vo4Tyz3+ay17tR6JVf9qzYWg=="
    },
    "babel-runtime": {
      "version": "6.26.0",
      "resolved": "https://registry.npmjs.org/babel-runtime/-/babel-runtime-6.26.0.tgz",
      "integrity": "sha1-llxwWGaOgrVde/4E/yM3vItWR/4=",
      "requires": {
        "core-js": "^2.4.0",
        "regenerator-runtime": "^0.11.0"
      }
    },
    "base-x": {
      "version": "1.1.0",
      "resolved": "https://registry.npmjs.org/base-x/-/base-x-1.1.0.tgz",
      "integrity": "sha1-QtPXF0dPnqAiB/bRqh9CaRPut6w="
    },
    "bignumber.js": {
      "version": "4.1.0",
      "resolved": "https://registry.npmjs.org/bignumber.js/-/bignumber.js-4.1.0.tgz",
      "integrity": "sha512-eJzYkFYy9L4JzXsbymsFn3p54D+llV27oTQ+ziJG7WFRheJcNZilgVXMG0LoZtlQSKBsJdWtLFqOD0u+U0jZKA=="
    },
    "bn.js": {
      "version": "4.11.8",
      "resolved": "https://registry.npmjs.org/bn.js/-/bn.js-4.11.8.tgz",
      "integrity": "sha512-ItfYfPLkWHUjckQCk8xC+LwxgK8NYcXywGigJgSwOP8Y2iyWT4f2vsZnoOXTTbo+o5yXmIUJ4gn5538SO5S3gA=="
    },
    "brorand": {
      "version": "1.1.0",
      "resolved": "https://registry.npmjs.org/brorand/-/brorand-1.1.0.tgz",
      "integrity": "sha1-EsJe/kCkXjwyPrhnWgoM5XsiNx8="
    },
    "cipher-base": {
      "version": "1.0.4",
      "resolved": "https://registry.npmjs.org/cipher-base/-/cipher-base-1.0.4.tgz",
      "integrity": "sha512-Kkht5ye6ZGmwv40uUDZztayT2ThLQGfnj/T71N/XzeZeo3nf8foyW7zGTsPYkEya3m5f3cAypH+qe7YOrM1U2Q==",
      "requires": {
        "inherits": "^2.0.1",
        "safe-buffer": "^5.0.1"
      }
    },
    "core-js": {
      "version": "2.6.5",
      "resolved": "https://registry.npmjs.org/core-js/-/core-js-2.6.5.tgz",
      "integrity": "sha512-klh/kDpwX8hryYL14M9w/xei6vrv6sE8gTHDG7/T/+SEovB/G4ejwcfE/CBzO6Edsu+OETZMZ3wcX/EjUkrl5A=="
    },
    "create-hash": {
      "version": "1.2.0",
      "resolved": "https://registry.npmjs.org/create-hash/-/create-hash-1.2.0.tgz",
      "integrity": "sha512-z00bCGNHDG8mHAkP7CtT1qVu+bFQUPjYq/4Iv3C3kWjTFV10zIjfSoeqXo9Asws8gwSHDGj/hl2u4OGIjapeCg==",
      "requires": {
        "cipher-base": "^1.0.1",
        "inherits": "^2.0.1",
        "md5.js": "^1.3.4",
        "ripemd160": "^2.0.1",
        "sha.js": "^2.4.0"
      }
    },
    "debug": {
      "version": "3.2.6",
      "resolved": "https://registry.npmjs.org/debug/-/debug-3.2.6.tgz",
      "integrity": "sha512-mel+jf7nrtEl5Pn1Qx46zARXKDpBbvzezse7p7LqINmdoIk8PYP5SySaxEmYv6TZ0JyEKA1hsCId6DIhgITtWQ==",
      "requires": {
        "ms": "^2.1.1"
      }
    },
    "decimal.js": {
      "version": "5.0.8",
      "resolved": "https://registry.npmjs.org/decimal.js/-/decimal.js-5.0.8.tgz",
      "integrity": "sha1-tIw/t9c6LU1JQOCzjxzSHbWzZ84="
    },
    "elliptic": {
      "version": "5.2.1",
      "resolved": "https://registry.npmjs.org/elliptic/-/elliptic-5.2.1.tgz",
      "integrity": "sha1-+ilLZWPG3bybo9yFlGh66ECFjxA=",
      "requires": {
        "bn.js": "^3.1.1",
        "brorand": "^1.0.1",
        "hash.js": "^1.0.0",
        "inherits": "^2.0.1"
      },
      "dependencies": {
        "bn.js": {
          "version": "3.3.0",
          "resolved": "https://registry.npmjs.org/bn.js/-/bn.js-3.3.0.tgz",
          "integrity": "sha1-ETjld4if3Je72rUYRPIZDfwK49c="
        }
      }
    },
    "es6-promise": {
      "version": "4.2.6",
      "resolved": "https://registry.npmjs.org/es6-promise/-/es6-promise-4.2.6.tgz",
      "integrity": "sha512-aRVgGdnmW2OiySVPUC9e6m+plolMAJKjZnQlCwNSuK5yQ0JN61DZSO1X1Ufd1foqWRAlig0rhduTCHe7sVtK5Q=="
    },
    "es6-promisify": {
      "version": "5.0.0",
      "resolved": "https://registry.npmjs.org/es6-promisify/-/es6-promisify-5.0.0.tgz",
      "integrity": "sha1-UQnWLz5W6pZ8S2NQWu8IKRyKUgM=",
      "requires": {
        "es6-promise": "^4.0.3"
      }
    },
    "hash-base": {
      "version": "3.0.4",
      "resolved": "https://registry.npmjs.org/hash-base/-/hash-base-3.0.4.tgz",
      "integrity": "sha1-X8hoaEfs1zSZQDMZprCj8/auSRg=",
      "requires": {
        "inherits": "^2.0.1",
        "safe-buffer": "^5.0.1"
      }
    },
    "hash.js": {
      "version": "1.1.7",
      "resolved": "https://registry.npmjs.org/hash.js/-/hash.js-1.1.7.tgz",
      "integrity": "sha512-taOaskGt4z4SOANNseOviYDvjEJinIkRgmp7LbKP2YTTmVxWBl87s/uzK9r+44BclBSp2X7K1hqeNfz9JbBeXA==",
      "requires": {
        "inherits": "^2.0.3",
        "minimalistic-assert": "^1.0.1"
      }
    },
    "https-proxy-agent": {
      "version": "2.2.1",
      "resolved": "https://registry.npmjs.org/https-proxy-agent/-/https-proxy-agent-2.2.1.tgz",
      "integrity": "sha512-HPCTS1LW51bcyMYbxUIOO4HEOlQ1/1qRaFWcyxvwaqUS9TY88aoEuHUY33kuAh1YhVVaDQhLZsnPd+XNARWZlQ==",
      "requires": {
        "agent-base": "^4.1.0",
        "debug": "^3.1.0"
      }
    },
    "inherits": {
      "version": "2.0.3",
      "resolved": "https://registry.npmjs.org/inherits/-/inherits-2.0.3.tgz",
      "integrity": "sha1-Yzwsg+PaQqUC9SRmAiSA9CCCYd4="
    },
    "js-sha256": {
      "version": "0.9.0",
      "resolved": "https://registry.npmjs.org/js-sha256/-/js-sha256-0.9.0.tgz",
      "integrity": "sha512-sga3MHh9sgQN2+pJ9VYZ+1LPwXOxuBJBA5nrR5/ofPfuiJBE2hnjsaN8se8JznOmGLN2p49Pe5U/ttafcs/apA=="
    },
    "jsonschema": {
      "version": "1.2.2",
      "resolved": "https://registry.npmjs.org/jsonschema/-/jsonschema-1.2.2.tgz",
      "integrity": "sha512-iX5OFQ6yx9NgbHCwse51ohhKgLuLL7Z5cNOeZOPIlDUtAMrxlruHLzVZxbltdHE5mEDXN+75oFOwq6Gn0MZwsA=="
    },
    "lodash": {
      "version": "4.17.21",
      "resolved": "https://registry.npmjs.org/lodash/-/lodash-4.17.21.tgz",
      "integrity": "sha512-v2kDEe57lecTulaDIuNTPy3Ry4gLGJ6Z1O3vE1krgXZNrsQ+LFTGHVxVjcXPs17LhbZVGedAJv8XZ1tvj5FvSg=="
    },
    "md5.js": {
      "version": "1.3.5",
      "resolved": "https://registry.npmjs.org/md5.js/-/md5.js-1.3.5.tgz",
      "integrity": "sha512-xitP+WxNPcTTOgnTJcrhM0xvdPepipPSf3I8EIpGKeFLjt3PlJLIDG3u8EX53ZIubkb+5U2+3rELYpEhHhzdkg==",
      "requires": {
        "hash-base": "^3.0.0",
        "inherits": "^2.0.1",
        "safe-buffer": "^5.1.2"
      }
    },
    "minimalistic-assert": {
      "version": "1.0.1",
      "resolved": "https://registry.npmjs.org/minimalistic-assert/-/minimalistic-assert-1.0.1.tgz",
      "integrity": "sha512-UtJcAD4yEaGtjPezWuO9wC4nwUnVH/8/Im3yEHQP4b67cXlD/Qr9hdITCU1xDbSEXg2XKNaP8jsReV7vQd00/A=="
    },
    "ms": {
      "version": "2.1.1",
      "resolved": "https://registry.npmjs.org/ms/-/ms-2.1.1.tgz",
      "integrity": "sha512-tgp+dl5cGk28utYktBsrFqA7HKgrhgPsg6Z/EfhWI4gl1Hwq8B/GmY/0oXZ6nF8hDVesS/FpnYaD/kOWhYQvyg=="
    },
    "regenerator-runtime": {
      "version": "0.11.1",
      "resolved": "https://registry.npmjs.org/regenerator-runtime/-/regenerator-runtime-0.11.1.tgz",
      "integrity": "sha512-MguG95oij0fC3QV3URf4V2SDYGJhJnJGqvIIgdECeODCT98wSWDAJ94SSuVpYQUoTcGUIL6L4yNB7j1DFFHSBg=="
    },
    "ripemd160": {
      "version": "2.0.2",
      "resolved": "https://registry.npmjs.org/ripemd160/-/ripemd160-2.0.2.tgz",
      "integrity": "sha512-ii4iagi25WusVoiC4B4lq7pbXfAp3D9v5CwfkY33vffw2+pkDjY1D8GaN7spsxvCSx8dkPqOZCEZyfxcmJG2IA==",
      "requires": {
        "hash-base": "^3.0.0",
        "inherits": "^2.0.1"
      }
    },
    "ripple-address-codec": {
      "version": "2.0.1",
      "resolved": "https://registry.npmjs.org/ripple-address-codec/-/ripple-address-codec-2.0.1.tgz",
      "integrity": "sha1-7dvjp5YNLgLFwcdPuan6DS37ZXE=",
      "requires": {
        "hash.js": "^1.0.3",
        "x-address-codec": "^0.7.0"
      }
    },
    "ripple-binary-codec": {
      "version": "0.2.0",
      "resolved": "https://registry.npmjs.org/ripple-binary-codec/-/ripple-binary-codec-0.2.0.tgz",
      "integrity": "sha512-qCf3syhtwPFq70JIh/7VSegynj5gWXVNI5T5I7dobqiNxY3fZQvOePRnchnN1OzC0jMh8x0b2ASmkvIlf259zQ==",
      "requires": {
        "babel-runtime": "^6.6.1",
        "bn.js": "^4.11.3",
        "create-hash": "^1.1.2",
        "decimal.js": "^5.0.8",
        "inherits": "^2.0.1",
        "lodash": "^4.12.0",
        "ripple-address-codec": "^2.0.1"
      }
    },
    "ripple-hashes": {
      "version": "0.3.1",
      "resolved": "https://registry.npmjs.org/ripple-hashes/-/ripple-hashes-0.3.1.tgz",
      "integrity": "sha1-8vRvH/BeZIdQCpmDkBkRTNJIJBE=",
      "requires": {
        "bignumber.js": "^4.1.0",
        "create-hash": "^1.1.2",
        "ripple-address-codec": "^2.0.1",
        "ripple-binary-codec": "^0.1.0"
      },
      "dependencies": {
        "ripple-binary-codec": {
          "version": "0.1.15",
          "resolved": "https://registry.npmjs.org/ripple-binary-codec/-/ripple-binary-codec-0.1.15.tgz",
          "integrity": "sha512-7b8JO8XmwzcNpBO3bBjNeATiW+NO3qPm56rZBaPn2HJ8Ig0bLJ/ZuA/Vg3SKJQSGOwtx2UD9Cm7PHSpbp+qmIg==",
          "requires": {
            "babel-runtime": "^6.6.1",
            "bn.js": "^4.11.3",
            "create-hash": "^1.1.2",
            "decimal.js": "^5.0.8",
            "inherits": "^2.0.1",
            "lodash": "^4.12.0",
            "ripple-address-codec": "^2.0.1"
          }
        }
      }
    },
    "ripple-keypairs": {
      "version": "0.10.2",
      "resolved": "https://registry.npmjs.org/ripple-keypairs/-/ripple-keypairs-0.10.2.tgz",
      "integrity": "sha512-NvY+jCrhtpy7ox2unZTIfOfSrUWqVTq+tfCTqgDD8XZ957JGwHBlL5osYAypkTWed/JglH5hggxw14NTKEZzGA==",
      "requires": {
        "babel-runtime": "^5.8.20",
        "bn.js": "^3.1.1",
        "brorand": "^1.0.5",
        "elliptic": "^5.1.0",
        "hash.js": "^1.0.3",
        "ripple-address-codec": "^2.0.1"
      },
      "dependencies": {
        "babel-runtime": {
          "version": "5.8.38",
          "resolved": "https://registry.npmjs.org/babel-runtime/-/babel-runtime-5.8.38.tgz",
          "integrity": "sha1-HAsC62MxL18If/IEUIJ7QlydTBk=",
          "requires": {
            "core-js": "^1.0.0"
          }
        },
        "bn.js": {
          "version": "3.3.0",
          "resolved": "https://registry.npmjs.org/bn.js/-/bn.js-3.3.0.tgz",
          "integrity": "sha1-ETjld4if3Je72rUYRPIZDfwK49c="
        },
        "core-js": {
          "version": "1.2.7",
          "resolved": "https://registry.npmjs.org/core-js/-/core-js-1.2.7.tgz",
          "integrity": "sha1-ZSKUwUZR2yj6k70tX/KYOk8IxjY="
        }
      }
    },
    "ripple-lib": {
      "version": "1.1.2",
      "resolved": "https://registry.npmjs.org/ripple-lib/-/ripple-lib-1.1.2.tgz",
      "integrity": "sha512-LPWsOi0trS1gcBKJpQPA9vDCn3IUfW0RYaWLLlELoNQY0MJUOG1e0J3qQlDrL+/gRW/MywlPtux5D+I4GiEVHw==",
      "requires": {
        "@types/lodash": "^4.14.85",
        "@types/ws": "^3.2.0",
        "bignumber.js": "^4.1.0",
        "https-proxy-agent": "2.2.1",
        "jsonschema": "1.2.2",
        "lodash": "^4.17.4",
        "ripple-address-codec": "^2.0.1",
        "ripple-binary-codec": "0.2.0",
        "ripple-hashes": "^0.3.1",
        "ripple-keypairs": "^0.10.1",
        "ripple-lib-transactionparser": "0.7.1",
        "ws": "^3.3.1"
      }
    },
    "ripple-lib-transactionparser": {
      "version": "0.7.1",
      "resolved": "https://registry.npmjs.org/ripple-lib-transactionparser/-/ripple-lib-transactionparser-0.7.1.tgz",
      "integrity": "sha1-Xs7LHgPWXQVgU0P0udu3bRCJFFs=",
      "requires": {
        "bignumber.js": "^4.1.0",
        "lodash": "^4.17.4"
      }
    },
    "safe-buffer": {
      "version": "5.1.2",
      "resolved": "https://registry.npmjs.org/safe-buffer/-/safe-buffer-5.1.2.tgz",
      "integrity": "sha512-Gd2UZBJDkXlY7GbJxfsE8/nvKkUEU1G38c1siN6QP6a9PT9MmHB8GnpscSmMJSoF8LOIrt8ud/wPtojys4G6+g=="
    },
    "sha.js": {
      "version": "2.4.11",
      "resolved": "https://registry.npmjs.org/sha.js/-/sha.js-2.4.11.tgz",
      "integrity": "sha512-QMEp5B7cftE7APOjk5Y6xgrbWu+WkLVQwk8JNjZ8nKRciZaByEW6MubieAiToS7+dwvrjGhH8jRXz3MVd0AYqQ==",
      "requires": {
        "inherits": "^2.0.1",
        "safe-buffer": "^5.0.1"
      }
    },
    "ultron": {
      "version": "1.1.1",
      "resolved": "https://registry.npmjs.org/ultron/-/ultron-1.1.1.tgz",
      "integrity": "sha512-UIEXBNeYmKptWH6z8ZnqTeS8fV74zG0/eRU9VGkpzz+LIJNs8W/zM/L+7ctCkRrgbNnnR0xxw4bKOr0cW0N0Og=="
    },
    "ws": {
      "version": "3.3.3",
      "resolved": "https://registry.npmjs.org/ws/-/ws-3.3.3.tgz",
      "integrity": "sha512-nnWLa/NwZSt4KQJu51MYlCcSQ5g7INpOrOMt4XV8j4dqTXdmlUmSHQ8/oLC069ckre0fRsgfvsKwbTdtKLCDkA==",
      "requires": {
        "async-limiter": "~1.0.0",
        "safe-buffer": "~5.1.0",
        "ultron": "~1.1.0"
      }
    },
    "x-address-codec": {
      "version": "0.7.2",
      "resolved": "https://registry.npmjs.org/x-address-codec/-/x-address-codec-0.7.2.tgz",
      "integrity": "sha1-Ki97sAJ4UgvRNzOnlZoFRD1oAuA=",
      "requires": {
        "base-x": "^1.0.1"
      }
    }
  }
}
